
Microsoft Visual Studio Solution File, Format Version 12.00
# Visual Studio Version 17
VisualStudioVersion = 17.10.35122.118
MinimumVisualStudioVersion = 10.0.40219.1
Project("{9A19103F-16F7-4668-BE54-9A1E7A4F7556}") = "LaporteAPI", "LaporteAPI\LaporteAPI.csproj", "{6C835D7A-D019-4681-ACB5-3A73DF72ACFF}"
EndProject
Project("{FAE04EC0-301F-11D3-BF4B-00C04F79EFBC}") = "LaporteAPI.Test", "LaporteAPI.Test\LaporteAPI.Test.csproj", "{6EA74565-4CBD-4F25-8058-8F5A3E4C6D0D}"
EndProject
Global
	GlobalSection(SolutionConfigurationPlatforms) = preSolution
		Debug|Any CPU = Debug|Any CPU
		Release|Any CPU = Release|Any CPU
	EndGlobalSection
	GlobalSection(ProjectConfigurationPlatforms) = postSolution
		{6C835D7A-D019-4681-ACB5-3A73DF72ACFF}.Debug|Any CPU.ActiveCfg = Debug|Any CPU
		{6C835D7A-D019-4681-ACB5-3A73DF72ACFF}.Debug|Any CPU.Build.0 = Debug|Any CPU
		{6C835D7A-D019-4681-ACB5-3A73DF72ACFF}.Release|Any CPU.ActiveCfg = Release|Any CPU
		{6C835D7A-D019-4681-ACB5-3A73DF72ACFF}.Release|Any CPU.Build.0 = Release|Any CPU
		{6EA74565-4CBD-4F25-8058-8F5A3E4C6D0D}.Debug|Any CPU.ActiveCfg = Debug|Any CPU
		{6EA74565-4CBD-4F25-8058-8F5A3E4C6D0D}.Debug|Any CPU.Build.0 = Debug|Any CPU
		{6EA74565-4CBD-4F25-8058-8F5A3E4C6D0D}.Release|Any CPU.ActiveCfg = Release|Any CPU
		{6EA74565-4CBD-4F25-8058-8F5A3E4C6D0D}.Release|Any CPU.Build.0 = Release|Any CPU
	EndGlobalSection
	GlobalSection(SolutionProperties) = preSolution
		HideSolutionNode = FALSE
	EndGlobalSection
	GlobalSection(ExtensibilityGlobals) = postSolution
		SolutionGuid = {7034ACA8-09D8-4663-A2DD-8A98EEA65FE9}
	EndGlobalSection
EndGlobal
